
Microsoft Visual Studio Solution File, Format Version 12.00
# Visual Studio Version 16
VisualStudioVersion = 16.0.33927.289
MinimumVisualStudioVersion = 10.0.40219.1
Project("{2150E333-8FDC-42A3-9474-1A3956D46DE8}") = "Task0", "Task0", "{34C666ED-1DF3-4912-AEF4-91F55F340E91}"
EndProject
Project("{FAE04EC0-301F-11D3-BF4B-00C04F79EFBC}") = "Tyuiu.GutsuAV.Sprint1.Task0.V1", "Tyuiu.GutsuAV.Sprint1.Task0.V1\Tyuiu.GutsuAV.Sprint1.Task0.V1.csproj", "{1979877B-F6CB-4F77-A2F7-0F43B48A9BD7}"
EndProject
Project("{FAE04EC0-301F-11D3-BF4B-00C04F79EFBC}") = "Tyuiu.GutsuAV.Sprint1.Task0.V1.Lib", "Tyuiu.GutsuAV.Sprint1.Task0.V1.Lib\Tyuiu.GutsuAV.Sprint1.Task0.V1.Lib.csproj", "{87662AD3-993B-4FD3-835C-9F015D37D03B}"
EndProject
Project("{FAE04EC0-301F-11D3-BF4B-00C04F79EFBC}") = "Tyuiu.GutsuAV.Sprint1.Task0.V1.Test", "Tyuiu.GutsuAV.Sprint1.Task0.V1.Test\Tyuiu.GutsuAV.Sprint1.Task0.V1.Test.csproj", "{D665F382-C410-4810-AE2D-05558471B51B}"
EndProject
Project("{2150E333-8FDC-42A3-9474-1A3956D46DE8}") = "Task1", "Task1", "{E1C540AE-DEF4-449D-B4FE-F3286EC26887}"
EndProject
Project("{FAE04EC0-301F-11D3-BF4B-00C04F79EFBC}") = "Tyuiu.GutsuAV.Sprint1.Task1.V26", "Tyuiu.GutsuAV.Sprint1.Task1.V26\Tyuiu.GutsuAV.Sprint1.Task1.V26.csproj", "{38F01641-5324-40B1-9864-DC0500CF99D5}"
EndProject
Project("{FAE04EC0-301F-11D3-BF4B-00C04F79EFBC}") = "Tyuiu.GutsuAV.Sprint1.Task1.V26.Lib", "Tyuiu.GutsuAV.Sprint1.Task1.V26.Lib\Tyuiu.GutsuAV.Sprint1.Task1.V26.Lib.csproj", "{B0D74CAC-51A8-4517-9204-5FA738DC749F}"
EndProject
Project("{FAE04EC0-301F-11D3-BF4B-00C04F79EFBC}") = "Tyuiu.GutsuAV.Sprint1.Task1.V26.Test", "Tyuiu.GutsuAV.Sprint1.Task1.V26.Test\Tyuiu.GutsuAV.Sprint1.Task1.V26.Test.csproj", "{78A9CF7C-0895-4D70-8BE3-E2D94C0B74C3}"
EndProject
Project("{2150E333-8FDC-42A3-9474-1A3956D46DE8}") = "Task2", "Task2", "{7584C25C-190F-4117-9299-8F6A7AA2FBD5}"
EndProject
Project("{FAE04EC0-301F-11D3-BF4B-00C04F79EFBC}") = "Tyuiu.GutsuAV.Sprint1.Task2.V18", "Tyuiu.GutsuAV.Sprint1.Task2.V18\Tyuiu.GutsuAV.Sprint1.Task2.V18.csproj", "{48D09471-521C-4D23-BD2A-7BE0E19D92F6}"
EndProject
Project("{FAE04EC0-301F-11D3-BF4B-00C04F79EFBC}") = "Tyuiu.GutsuAV.Sprint1.Task2.V18.Lib", "Tyuiu.GutsuAV.Sprint1.Task2.V18.Lib\Tyuiu.GutsuAV.Sprint1.Task2.V18.Lib.csproj", "{735A21EF-9C52-4880-A155-E9F2B31EA884}"
EndProject
Project("{FAE04EC0-301F-11D3-BF4B-00C04F79EFBC}") = "Tyuiu.GutsuAV.Sprint1.Task2.V18.Test", "Tyuiu.GutsuAV.Sprint1.Task2.V18.Test\Tyuiu.GutsuAV.Sprint1.Task2.V18.Test.csproj", "{C1EDF72B-2994-4706-A297-1BA89CB6771B}"
EndProject
Project("{2150E333-8FDC-42A3-9474-1A3956D46DE8}") = "Task3", "Task3", "{2D5709EF-E688-4A95-A20D-23CBA838AE30}"
EndProject
Project("{FAE04EC0-301F-11D3-BF4B-00C04F79EFBC}") = "Tyuiu.GutsuAV.Sprint1.Task2.V11", "Tyuiu.GutsuAV.Sprint1.Task2.V11\Tyuiu.GutsuAV.Sprint1.Task2.V11.csproj", "{2DAA80FF-B49D-4DF6-9676-7DB98EA1E195}"
EndProject
Project("{FAE04EC0-301F-11D3-BF4B-00C04F79EFBC}") = "Tyuiu.GutsuAV.Sprint1.Task2.V11.Lib", "Tyuiu.GutsuAV.Sprint1.Task2.V11.Lib\Tyuiu.GutsuAV.Sprint1.Task2.V11.Lib.csproj", "{CA828003-FE5F-4559-8964-531D8DA6C07E}"
EndProject
Project("{FAE04EC0-301F-11D3-BF4B-00C04F79EFBC}") = "Tyuiu.GutsuAV.Sprint1.Task2.V11.Test", "Tyuiu.GutsuAV.Sprint1.Task2.V11.Test\Tyuiu.GutsuAV.Sprint1.Task2.V11.Test.csproj", "{61258B37-CD7C-42F7-B5CF-0EC61D589561}"
EndProject
Project("{2150E333-8FDC-42A3-9474-1A3956D46DE8}") = "Task4", "Task4", "{796021E0-E539-4A4C-A046-A20168C8C686}"
EndProject
Project("{FAE04EC0-301F-11D3-BF4B-00C04F79EFBC}") = "Tyuiu.GutsuAV.Sprint1.Task4.V9", "Tyuiu.GutsuAV.Sprint1.Task4.V9\Tyuiu.GutsuAV.Sprint1.Task4.V9.csproj", "{8D95B24C-AB88-4934-ACD6-BFD4858396A7}"
EndProject
Project("{FAE04EC0-301F-11D3-BF4B-00C04F79EFBC}") = "Tyuiu.GutsuAV.Sprint1.Task4.V9.Lib", "Tyuiu.GutsuAV.Sprint1.Task4.V9.Lib\Tyuiu.GutsuAV.Sprint1.Task4.V9.Lib.csproj", "{C7930DE1-0434-48AD-8375-CCB25489EB28}"
EndProject
Project("{FAE04EC0-301F-11D3-BF4B-00C04F79EFBC}") = "Tyuiu.GutsuAV.Sprint1.Task4.V9.Test", "Tyuiu.GutsuAV.Sprint1.Task4.V9.Test\Tyuiu.GutsuAV.Sprint1.Task4.V9.Test.csproj", "{1EB3A167-3750-4CB8-BF74-C9BF41F9214F}"
EndProject
Project("{2150E333-8FDC-42A3-9474-1A3956D46DE8}") = "Task5", "Task5", "{7A0489DC-1E11-427A-9D93-4F4F2E11DCDB}"
EndProject
Project("{FAE04EC0-301F-11D3-BF4B-00C04F79EFBC}") = "Tyuiu.GutsuAV.Sprint1.Task5.V4", "Tyuiu.GutsuAV.Sprint1.Task5.V4\Tyuiu.GutsuAV.Sprint1.Task5.V4.csproj", "{D8354428-7E37-4EB9-83DE-AA91A5A9F5C2}"
EndProject
Project("{FAE04EC0-301F-11D3-BF4B-00C04F79EFBC}") = "Tyuiu.GutsuAV.Sprint1.Task5.V4.Lib", "Tyuiu.GutsuAV.Sprint1.Task5.V4.Lib\Tyuiu.GutsuAV.Sprint1.Task5.V4.Lib.csproj", "{DC93276A-DC7E-4A78-91E9-881EB8306FF6}"
EndProject
Project("{FAE04EC0-301F-11D3-BF4B-00C04F79EFBC}") = "Tyuiu.GutsuAV.Sprint1.Task5.V4.Test", "Tyuiu.GutsuAV.Sprint1.Task5.V4.Test\Tyuiu.GutsuAV.Sprint1.Task5.V4.Test.csproj", "{EBBE8DDC-3526-4E6D-94A8-31B90D21E727}"
EndProject
Global
	GlobalSection(SolutionConfigurationPlatforms) = preSolution
		Debug|Any CPU = Debug|Any CPU
		Release|Any CPU = Release|Any CPU
	EndGlobalSection
	GlobalSection(ProjectConfigurationPlatforms) = postSolution
		{1979877B-F6CB-4F77-A2F7-0F43B48A9BD7}.Debug|Any CPU.ActiveCfg = Debug|Any CPU
		{1979877B-F6CB-4F77-A2F7-0F43B48A9BD7}.Debug|Any CPU.Build.0 = Debug|Any CPU
		{1979877B-F6CB-4F77-A2F7-0F43B48A9BD7}.Release|Any CPU.ActiveCfg = Release|Any CPU
		{1979877B-F6CB-4F77-A2F7-0F43B48A9BD7}.Release|Any CPU.Build.0 = Release|Any CPU
		{87662AD3-993B-4FD3-835C-9F015D37D03B}.Debug|Any CPU.ActiveCfg = Debug|Any CPU
		{87662AD3-993B-4FD3-835C-9F015D37D03B}.Debug|Any CPU.Build.0 = Debug|Any CPU
		{87662AD3-993B-4FD3-835C-9F015D37D03B}.Release|Any CPU.ActiveCfg = Release|Any CPU
		{87662AD3-993B-4FD3-835C-9F015D37D03B}.Release|Any CPU.Build.0 = Release|Any CPU
		{D665F382-C410-4810-AE2D-05558471B51B}.Debug|Any CPU.ActiveCfg = Debug|Any CPU
		{D665F382-C410-4810-AE2D-05558471B51B}.Debug|Any CPU.Build.0 = Debug|Any CPU
		{D665F382-C410-4810-AE2D-05558471B51B}.Release|Any CPU.ActiveCfg = Release|Any CPU
		{D665F382-C410-4810-AE2D-05558471B51B}.Release|Any CPU.Build.0 = Release|Any CPU
		{38F01641-5324-40B1-9864-DC0500CF99D5}.Debug|Any CPU.ActiveCfg = Debug|Any CPU
		{38F01641-5324-40B1-9864-DC0500CF99D5}.Debug|Any CPU.Build.0 = Debug|Any CPU
		{38F01641-5324-40B1-9864-DC0500CF99D5}.Release|Any CPU.ActiveCfg = Release|Any CPU
		{38F01641-5324-40B1-9864-DC0500CF99D5}.Release|Any CPU.Build.0 = Release|Any CPU
		{B0D74CAC-51A8-4517-9204-5FA738DC749F}.Debug|Any CPU.ActiveCfg = Debug|Any CPU
		{B0D74CAC-51A8-4517-9204-5FA738DC749F}.Debug|Any CPU.Build.0 = Debug|Any CPU
		{B0D74CAC-51A8-4517-9204-5FA738DC749F}.Release|Any CPU.ActiveCfg = Release|Any CPU
		{B0D74CAC-51A8-4517-9204-5FA738DC749F}.Release|Any CPU.Build.0 = Release|Any CPU
		{78A9CF7C-0895-4D70-8BE3-E2D94C0B74C3}.Debug|Any CPU.ActiveCfg = Debug|Any CPU
		{78A9CF7C-0895-4D70-8BE3-E2D94C0B74C3}.Debug|Any CPU.Build.0 = Debug|Any CPU
		{78A9CF7C-0895-4D70-8BE3-E2D94C0B74C3}.Release|Any CPU.ActiveCfg = Release|Any CPU
		{78A9CF7C-0895-4D70-8BE3-E2D94C0B74C3}.Release|Any CPU.Build.0 = Release|Any CPU
		{48D09471-521C-4D23-BD2A-7BE0E19D92F6}.Debug|Any CPU.ActiveCfg = Debug|Any CPU
		{48D09471-521C-4D23-BD2A-7BE0E19D92F6}.Debug|Any CPU.Build.0 = Debug|Any CPU
		{48D09471-521C-4D23-BD2A-7BE0E19D92F6}.Release|Any CPU.ActiveCfg = Release|Any CPU
		{48D09471-521C-4D23-BD2A-7BE0E19D92F6}.Release|Any CPU.Build.0 = Release|Any CPU
		{735A21EF-9C52-4880-A155-E9F2B31EA884}.Debug|Any CPU.ActiveCfg = Debug|Any CPU
		{735A21EF-9C52-4880-A155-E9F2B31EA884}.Debug|Any CPU.Build.0 = Debug|Any CPU
		{735A21EF-9C52-4880-A155-E9F2B31EA884}.Release|Any CPU.ActiveCfg = Release|Any CPU
		{735A21EF-9C52-4880-A155-E9F2B31EA884}.Release|Any CPU.Build.0 = Release|Any CPU
		{C1EDF72B-2994-4706-A297-1BA89CB6771B}.Debug|Any CPU.ActiveCfg = Debug|Any CPU
		{C1EDF72B-2994-4706-A297-1BA89CB6771B}.Debug|Any CPU.Build.0 = Debug|Any CPU
		{C1EDF72B-2994-4706-A297-1BA89CB6771B}.Release|Any CPU.ActiveCfg = Release|Any CPU
		{C1EDF72B-2994-4706-A297-1BA89CB6771B}.Release|Any CPU.Build.0 = Release|Any CPU
		{2DAA80FF-B49D-4DF6-9676-7DB98EA1E195}.Debug|Any CPU.ActiveCfg = Debug|Any CPU
		{2DAA80FF-B49D-4DF6-9676-7DB98EA1E195}.Debug|Any CPU.Build.0 = Debug|Any CPU
		{2DAA80FF-B49D-4DF6-9676-7DB98EA1E195}.Release|Any CPU.ActiveCfg = Release|Any CPU
		{2DAA80FF-B49D-4DF6-9676-7DB98EA1E195}.Release|Any CPU.Build.0 = Release|Any CPU
		{CA828003-FE5F-4559-8964-531D8DA6C07E}.Debug|Any CPU.ActiveCfg = Debug|Any CPU
		{CA828003-FE5F-4559-8964-531D8DA6C07E}.Debug|Any CPU.Build.0 = Debug|Any CPU
		{CA828003-FE5F-4559-8964-531D8DA6C07E}.Release|Any CPU.ActiveCfg = Release|Any CPU
		{CA828003-FE5F-4559-8964-531D8DA6C07E}.Release|Any CPU.Build.0 = Release|Any CPU
		{61258B37-CD7C-42F7-B5CF-0EC61D589561}.Debug|Any CPU.ActiveCfg = Debug|Any CPU
		{61258B37-CD7C-42F7-B5CF-0EC61D589561}.Debug|Any CPU.Build.0 = Debug|Any CPU
		{61258B37-CD7C-42F7-B5CF-0EC61D589561}.Release|Any CPU.ActiveCfg = Release|Any CPU
		{61258B37-CD7C-42F7-B5CF-0EC61D589561}.Release|Any CPU.Build.0 = Release|Any CPU
		{8D95B24C-AB88-4934-ACD6-BFD4858396A7}.Debug|Any CPU.ActiveCfg = Debug|Any CPU
		{8D95B24C-AB88-4934-ACD6-BFD4858396A7}.Debug|Any CPU.Build.0 = Debug|Any CPU
		{8D95B24C-AB88-4934-ACD6-BFD4858396A7}.Release|Any CPU.ActiveCfg = Release|Any CPU
		{8D95B24C-AB88-4934-ACD6-BFD4858396A7}.Release|Any CPU.Build.0 = Release|Any CPU
		{C7930DE1-0434-48AD-8375-CCB25489EB28}.Debug|Any CPU.ActiveCfg = Debug|Any CPU
		{C7930DE1-0434-48AD-8375-CCB25489EB28}.Debug|Any CPU.Build.0 = Debug|Any CPU
		{C7930DE1-0434-48AD-8375-CCB25489EB28}.Release|Any CPU.ActiveCfg = Release|Any CPU
		{C7930DE1-0434-48AD-8375-CCB25489EB28}.Release|Any CPU.Build.0 = Release|Any CPU
		{1EB3A167-3750-4CB8-BF74-C9BF41F9214F}.Debug|Any CPU.ActiveCfg = Debug|Any CPU
		{1EB3A167-3750-4CB8-BF74-C9BF41F9214F}.Debug|Any CPU.Build.0 = Debug|Any CPU
		{1EB3A167-3750-4CB8-BF74-C9BF41F9214F}.Release|Any CPU.ActiveCfg = Release|Any CPU
		{1EB3A167-3750-4CB8-BF74-C9BF41F9214F}.Release|Any CPU.Build.0 = Release|Any CPU
		{D8354428-7E37-4EB9-83DE-AA91A5A9F5C2}.Debug|Any CPU.ActiveCfg = Debug|Any CPU
		{D8354428-7E37-4EB9-83DE-AA91A5A9F5C2}.Debug|Any CPU.Build.0 = Debug|Any CPU
		{D8354428-7E37-4EB9-83DE-AA91A5A9F5C2}.Release|Any CPU.ActiveCfg = Release|Any CPU
		{D8354428-7E37-4EB9-83DE-AA91A5A9F5C2}.Release|Any CPU.Build.0 = Release|Any CPU
		{DC93276A-DC7E-4A78-91E9-881EB8306FF6}.Debug|Any CPU.ActiveCfg = Debug|Any CPU
		{DC93276A-DC7E-4A78-91E9-881EB8306FF6}.Debug|Any CPU.Build.0 = Debug|Any CPU
		{DC93276A-DC7E-4A78-91E9-881EB8306FF6}.Release|Any CPU.ActiveCfg = Release|Any CPU
		{DC93276A-DC7E-4A78-91E9-881EB8306FF6}.Release|Any CPU.Build.0 = Release|Any CPU
		{EBBE8DDC-3526-4E6D-94A8-31B90D21E727}.Debug|Any CPU.ActiveCfg = Debug|Any CPU
		{EBBE8DDC-3526-4E6D-94A8-31B90D21E727}.Debug|Any CPU.Build.0 = Debug|Any CPU
		{EBBE8DDC-3526-4E6D-94A8-31B90D21E727}.Release|Any CPU.ActiveCfg = Release|Any CPU
		{EBBE8DDC-3526-4E6D-94A8-31B90D21E727}.Release|Any CPU.Build.0 = Release|Any CPU
	EndGlobalSection
	GlobalSection(SolutionProperties) = preSolution
		HideSolutionNode = FALSE
	EndGlobalSection
	GlobalSection(NestedProjects) = preSolution
		{1979877B-F6CB-4F77-A2F7-0F43B48A9BD7} = {34C666ED-1DF3-4912-AEF4-91F55F340E91}
		{87662AD3-993B-4FD3-835C-9F015D37D03B} = {34C666ED-1DF3-4912-AEF4-91F55F340E91}
		{D665F382-C410-4810-AE2D-05558471B51B} = {34C666ED-1DF3-4912-AEF4-91F55F340E91}
		{38F01641-5324-40B1-9864-DC0500CF99D5} = {E1C540AE-DEF4-449D-B4FE-F3286EC26887}
		{B0D74CAC-51A8-4517-9204-5FA738DC749F} = {E1C540AE-DEF4-449D-B4FE-F3286EC26887}
		{78A9CF7C-0895-4D70-8BE3-E2D94C0B74C3} = {E1C540AE-DEF4-449D-B4FE-F3286EC26887}
		{48D09471-521C-4D23-BD2A-7BE0E19D92F6} = {7584C25C-190F-4117-9299-8F6A7AA2FBD5}
		{735A21EF-9C52-4880-A155-E9F2B31EA884} = {7584C25C-190F-4117-9299-8F6A7AA2FBD5}
		{C1EDF72B-2994-4706-A297-1BA89CB6771B} = {7584C25C-190F-4117-9299-8F6A7AA2FBD5}
		{2DAA80FF-B49D-4DF6-9676-7DB98EA1E195} = {2D5709EF-E688-4A95-A20D-23CBA838AE30}
		{CA828003-FE5F-4559-8964-531D8DA6C07E} = {2D5709EF-E688-4A95-A20D-23CBA838AE30}
		{61258B37-CD7C-42F7-B5CF-0EC61D589561} = {2D5709EF-E688-4A95-A20D-23CBA838AE30}
		{8D95B24C-AB88-4934-ACD6-BFD4858396A7} = {796021E0-E539-4A4C-A046-A20168C8C686}
		{C7930DE1-0434-48AD-8375-CCB25489EB28} = {796021E0-E539-4A4C-A046-A20168C8C686}
		{1EB3A167-3750-4CB8-BF74-C9BF41F9214F} = {796021E0-E539-4A4C-A046-A20168C8C686}
		{D8354428-7E37-4EB9-83DE-AA91A5A9F5C2} = {7A0489DC-1E11-427A-9D93-4F4F2E11DCDB}
		{DC93276A-DC7E-4A78-91E9-881EB8306FF6} = {7A0489DC-1E11-427A-9D93-4F4F2E11DCDB}
		{EBBE8DDC-3526-4E6D-94A8-31B90D21E727} = {7A0489DC-1E11-427A-9D93-4F4F2E11DCDB}
	EndGlobalSection
	GlobalSection(ExtensibilityGlobals) = postSolution
		SolutionGuid = {824981F5-82E3-4945-822C-53258386D0A5}
	EndGlobalSection
EndGlobal
